
Microsoft Visual Studio Solution File, Format Version 12.00
# Visual Studio Version 17
VisualStudioVersion = 17.11.35431.28
MinimumVisualStudioVersion = 10.0.40219.1
Project("{FAE04EC0-301F-11D3-BF4B-00C04F79EFBC}") = "BusinessObject", "BusinessObject\BusinessObject.csproj", "{245569B7-F555-4722-AAD0-42E105366D69}"
EndProject
Project("{FAE04EC0-301F-11D3-BF4B-00C04F79EFBC}") = "ShopManagementService", "ShopManagementService\ShopManagementService.csproj", "{DE72D340-A6EC-44FA-8934-F63F044C1E12}"
EndProject
Global
	GlobalSection(SolutionConfigurationPlatforms) = preSolution
		Debug|Any CPU = Debug|Any CPU
		Release|Any CPU = Release|Any CPU
	EndGlobalSection
	GlobalSection(ProjectConfigurationPlatforms) = postSolution
		{245569B7-F555-4722-AAD0-42E105366D69}.Debug|Any CPU.ActiveCfg = Debug|Any CPU
		{245569B7-F555-4722-AAD0-42E105366D69}.Debug|Any CPU.Build.0 = Debug|Any CPU
		{245569B7-F555-4722-AAD0-42E105366D69}.Release|Any CPU.ActiveCfg = Release|Any CPU
		{245569B7-F555-4722-AAD0-42E105366D69}.Release|Any CPU.Build.0 = Release|Any CPU
		{DE72D340-A6EC-44FA-8934-F63F044C1E12}.Debug|Any CPU.ActiveCfg = Debug|Any CPU
		{DE72D340-A6EC-44FA-8934-F63F044C1E12}.Debug|Any CPU.Build.0 = Debug|Any CPU
		{DE72D340-A6EC-44FA-8934-F63F044C1E12}.Release|Any CPU.ActiveCfg = Release|Any CPU
		{DE72D340-A6EC-44FA-8934-F63F044C1E12}.Release|Any CPU.Build.0 = Release|Any CPU
	EndGlobalSection
	GlobalSection(SolutionProperties) = preSolution
		HideSolutionNode = FALSE
	EndGlobalSection
	GlobalSection(ExtensibilityGlobals) = postSolution
		SolutionGuid = {CCD8A058-C301-42C0-AD9D-A47772E45F61}
	EndGlobalSection
EndGlobal
