Microsoft Visual Studio Solution File, Format Version 12.00
# Visual Studio Version 17
VisualStudioVersion = 17.5.2.0
MinimumVisualStudioVersion = 10.0.40219.1
Project("{FAE04EC0-301F-11D3-BF4B-00C04F79EFBC}") = "ShopManagementService", "ShopManagementService.csproj", "{78E0DE64-75C5-7BCF-9A33-7E4C95D3F1E2}"
EndProject
Global
	GlobalSection(SolutionConfigurationPlatforms) = preSolution
		Debug|Any CPU = Debug|Any CPU
		Release|Any CPU = Release|Any CPU
	EndGlobalSection
	GlobalSection(ProjectConfigurationPlatforms) = postSolution
		{78E0DE64-75C5-7BCF-9A33-7E4C95D3F1E2}.Debug|Any CPU.ActiveCfg = Debug|Any CPU
		{78E0DE64-75C5-7BCF-9A33-7E4C95D3F1E2}.Debug|Any CPU.Build.0 = Debug|Any CPU
		{78E0DE64-75C5-7BCF-9A33-7E4C95D3F1E2}.Release|Any CPU.ActiveCfg = Release|Any CPU
		{78E0DE64-75C5-7BCF-9A33-7E4C95D3F1E2}.Release|Any CPU.Build.0 = Release|Any CPU
	EndGlobalSection
	GlobalSection(SolutionProperties) = preSolution
		HideSolutionNode = FALSE
	EndGlobalSection
	GlobalSection(ExtensibilityGlobals) = postSolution
		SolutionGuid = {475EE11B-158C-4D92-9A01-CD1FAE0E2D3D}
	EndGlobalSection
EndGlobal
