
Microsoft Visual Studio Solution File, Format Version 12.00
# Visual Studio Version 17
VisualStudioVersion = 17.11.35431.28
MinimumVisualStudioVersion = 10.0.40219.1
Project("{FAE04EC0-301F-11D3-BF4B-00C04F79EFBC}") = "ObjectLayer", "ObjectLayer\ObjectLayer.csproj", "{2A6606AD-F3A2-4AA6-AADE-1C859A1E2877}"
EndProject
Project("{FAE04EC0-301F-11D3-BF4B-00C04F79EFBC}") = "ReservationManagementService", "ReservationManagementService\ReservationManagementService.csproj", "{44E4EB41-7F5E-4A67-A69B-E62E04AA7A23}"
EndProject
Global
	GlobalSection(SolutionConfigurationPlatforms) = preSolution
		Debug|Any CPU = Debug|Any CPU
		Release|Any CPU = Release|Any CPU
	EndGlobalSection
	GlobalSection(ProjectConfigurationPlatforms) = postSolution
		{2A6606AD-F3A2-4AA6-AADE-1C859A1E2877}.Debug|Any CPU.ActiveCfg = Debug|Any CPU
		{2A6606AD-F3A2-4AA6-AADE-1C859A1E2877}.Debug|Any CPU.Build.0 = Debug|Any CPU
		{2A6606AD-F3A2-4AA6-AADE-1C859A1E2877}.Release|Any CPU.ActiveCfg = Release|Any CPU
		{2A6606AD-F3A2-4AA6-AADE-1C859A1E2877}.Release|Any CPU.Build.0 = Release|Any CPU
		{44E4EB41-7F5E-4A67-A69B-E62E04AA7A23}.Debug|Any CPU.ActiveCfg = Debug|Any CPU
		{44E4EB41-7F5E-4A67-A69B-E62E04AA7A23}.Debug|Any CPU.Build.0 = Debug|Any CPU
		{44E4EB41-7F5E-4A67-A69B-E62E04AA7A23}.Release|Any CPU.ActiveCfg = Release|Any CPU
		{44E4EB41-7F5E-4A67-A69B-E62E04AA7A23}.Release|Any CPU.Build.0 = Release|Any CPU
	EndGlobalSection
	GlobalSection(SolutionProperties) = preSolution
		HideSolutionNode = FALSE
	EndGlobalSection
	GlobalSection(ExtensibilityGlobals) = postSolution
		SolutionGuid = {5D101DFD-0AF7-4154-8F14-BF3899B88321}
	EndGlobalSection
EndGlobal
